GEM
  remote: https://rubygems.org/
  specs:
    ast (2.4.3)
    diff-lcs (1.6.2)
    faraday (2.14.1)
      faraday-net_http (>= 2.0, < 3.5)
      json
      logger
    faraday-follow_redirects (0.5.0)
      faraday (>= 1, < 3)
    faraday-net_http (3.4.2)
      net-http (~> 0.5)
    json (2.18.1)
    language_server-protocol (3.17.0.5)
    lint_roller (1.1.0)
    logger (1.7.0)
    minitar (1.1.0)
    net-http (0.9.1)
      uri (>= 0.11.1)
    nokogiri (1.19.0-aarch64-linux-gnu)
      racc (~> 1.4)
    nokogiri (1.19.0-aarch64-linux-musl)
      racc (~> 1.4)
    nokogiri (1.19.0-arm-linux-gnu)
      racc (~> 1.4)
    nokogiri (1.19.0-arm-linux-musl)
      racc (~> 1.4)
    nokogiri (1.19.0-arm64-darwin)
      racc (~> 1.4)
    nokogiri (1.19.0-x86_64-darwin)
      racc (~> 1.4)
    nokogiri (1.19.0-x86_64-linux-gnu)
      racc (~> 1.4)
    nokogiri (1.19.0-x86_64-linux-musl)
      racc (~> 1.4)
    ostruct (0.6.3)
    parallel (1.27.0)
    parser (3.3.10.1)
      ast (~> 2.4.1)
      racc
    prism (1.9.0)
    racc (1.8.1)
    rainbow (3.1.1)
    rake (13.3.1)
    regexp_parser (2.11.3)
    retriable (3.1.2)
    rspec (3.13.2)
      rspec-core (~> 3.13.0)
      rspec-expectations (~> 3.13.0)
      rspec-mocks (~> 3.13.0)
    rspec-core (3.13.6)
      rspec-support (~> 3.13.0)
    rspec-expectations (3.13.5)
      diff-lcs (>= 1.2.0, < 2.0)
      rspec-support (~> 3.13.0)
    rspec-mocks (3.13.7)
      diff-lcs (>= 1.2.0, < 2.0)
      rspec-support (~> 3.13.0)
    rspec-support (3.13.6)
    rubocop (1.84.2)
      json (~> 2.3)
      language_server-protocol (~> 3.17.0.2)
      lint_roller (~> 1.1.0)
      parallel (~> 1.10)
      parser (>= 3.3.0.2)
      rainbow (>= 2.2.2, < 4.0)
      regexp_parser (>= 2.9.3, < 3.0)
      rubocop-ast (>= 1.49.0, < 2.0)
      ruby-progressbar (~> 1.7)
      unicode-display_width (>= 2.4.0, < 4.0)
    rubocop-ast (1.49.0)
      parser (>= 3.3.7.2)
      prism (~> 1.7)
    ruby-progressbar (1.13.0)
    solr_wrapper (4.3.0)
      faraday (>= 1.0, < 3)
      faraday-follow_redirects
      minitar
      ostruct
      retriable
      ruby-progressbar
    unicode-display_width (3.2.0)
      unicode-emoji (~> 4.1)
    unicode-emoji (4.2.0)
    uri (1.1.1)

PLATFORMS
  aarch64-linux-gnu
  aarch64-linux-musl
  arm-linux-gnu
  arm-linux-musl
  arm64-darwin
  x86_64-darwin
  x86_64-linux-gnu
  x86_64-linux-musl

DEPENDENCIES
  faraday
  nokogiri
  rake
  rspec
  rubocop
  solr_wrapper

CHECKSUMS
  ast (2.4.3) sha256=954615157c1d6a382bc27d690d973195e79db7f55e9765ac7c481c60bdb4d383
  diff-lcs (1.6.2) sha256=9ae0d2cba7d4df3075fe8cd8602a8604993efc0dfa934cff568969efb1909962
  faraday (2.14.1) sha256=a43cceedc1e39d188f4d2cdd360a8aaa6a11da0c407052e426ba8d3fb42ef61c
  faraday-follow_redirects (0.5.0) sha256=5cde93c894b30943a5d2b93c2fe9284216a6b756f7af406a1e55f211d97d10ad
  faraday-net_http (3.4.2) sha256=f147758260d3526939bf57ecf911682f94926a3666502e24c69992765875906c
  json (2.18.1) sha256=fe112755501b8d0466b5ada6cf50c8c3f41e897fa128ac5d263ec09eedc9f986
  language_server-protocol (3.17.0.5) sha256=fd1e39a51a28bf3eec959379985a72e296e9f9acfce46f6a79d31ca8760803cc
  lint_roller (1.1.0) sha256=2c0c845b632a7d172cb849cc90c1bce937a28c5c8ccccb50dfd46a485003cc87
  logger (1.7.0) sha256=196edec7cc44b66cfb40f9755ce11b392f21f7967696af15d274dde7edff0203
  minitar (1.1.0) sha256=38db0cfb6f3801017946cdcd8dc53f2cf3fd41ff752892312bf9a1639c9ea23e
  net-http (0.9.1) sha256=25ba0b67c63e89df626ed8fac771d0ad24ad151a858af2cc8e6a716ca4336996
  nokogiri (1.19.0-aarch64-linux-gnu) sha256=11a97ecc3c0e7e5edcf395720b10860ef493b768f6aa80c539573530bc933767
  nokogiri (1.19.0-aarch64-linux-musl) sha256=eb70507f5e01bc23dad9b8dbec2b36ad0e61d227b42d292835020ff754fb7ba9
  nokogiri (1.19.0-arm-linux-gnu) sha256=572a259026b2c8b7c161fdb6469fa2d0edd2b61cd599db4bbda93289abefbfe5
  nokogiri (1.19.0-arm-linux-musl) sha256=23ed90922f1a38aed555d3de4d058e90850c731c5b756d191b3dc8055948e73c
  nokogiri (1.19.0-arm64-darwin) sha256=0811dfd936d5f6dd3f6d32ef790568bf29b2b7bead9ba68866847b33c9cf5810
  nokogiri (1.19.0-x86_64-darwin) sha256=1dad56220b603a8edb9750cd95798bffa2b8dd9dd9aa47f664009ee5b43e3067
  nokogiri (1.19.0-x86_64-linux-gnu) sha256=f482b95c713d60031d48c44ce14562f8d2ce31e3a9e8dd0ccb131e9e5a68b58c
  nokogiri (1.19.0-x86_64-linux-musl) sha256=1c4ca6b381622420073ce6043443af1d321e8ed93cc18b08e2666e5bd02ffae4
  ostruct (0.6.3) sha256=95a2ed4a4bd1d190784e666b47b2d3f078e4a9efda2fccf18f84ddc6538ed912
  parallel (1.27.0) sha256=4ac151e1806b755fb4e2dc2332cbf0e54f2e24ba821ff2d3dcf86bf6dc4ae130
  parser (3.3.10.1) sha256=06f6a725d2cd91e5e7f2b7c32ba143631e1f7c8ae2fb918fc4cebec187e6a688
  prism (1.9.0) sha256=7b530c6a9f92c24300014919c9dcbc055bf4cdf51ec30aed099b06cd6674ef85
  racc (1.8.1) sha256=4a7f6929691dbec8b5209a0b373bc2614882b55fc5d2e447a21aaa691303d62f
  rainbow (3.1.1) sha256=039491aa3a89f42efa1d6dec2fc4e62ede96eb6acd95e52f1ad581182b79bc6a
  rake (13.3.1) sha256=8c9e89d09f66a26a01264e7e3480ec0607f0c497a861ef16063604b1b08eb19c
  regexp_parser (2.11.3) sha256=ca13f381a173b7a93450e53459075c9b76a10433caadcb2f1180f2c741fc55a4
  retriable (3.1.2) sha256=0a5a5d0ca4ba61a76fb31a17ab8f7f80281beb040c329d34dfc137a1398688e0
  rspec (3.13.2) sha256=206284a08ad798e61f86d7ca3e376718d52c0bc944626b2349266f239f820587
  rspec-core (3.13.6) sha256=a8823c6411667b60a8bca135364351dda34cd55e44ff94c4be4633b37d828b2d
  rspec-expectations (3.13.5) sha256=33a4d3a1d95060aea4c94e9f237030a8f9eae5615e9bd85718fe3a09e4b58836
  rspec-mocks (3.13.7) sha256=0979034e64b1d7a838aaaddf12bf065ea4dc40ef3d4c39f01f93ae2c66c62b1c
  rspec-support (3.13.6) sha256=2e8de3702427eab064c9352fe74488cc12a1bfae887ad8b91cba480ec9f8afb2
  rubocop (1.84.2) sha256=5692cea54168f3dc8cb79a6fe95c5424b7ea893c707ad7a4307b0585e88dbf5f
  rubocop-ast (1.49.0) sha256=49c3676d3123a0923d333e20c6c2dbaaae2d2287b475273fddee0c61da9f71fd
  ruby-progressbar (1.13.0) sha256=80fc9c47a9b640d6834e0dc7b3c94c9df37f08cb072b7761e4a71e22cff29b33
  solr_wrapper (4.3.0) sha256=8d1357e270a27be89310dd0949bf6d2478ee3712006cc2e4f31a38b9b3e665f7
  unicode-display_width (3.2.0) sha256=0cdd96b5681a5949cdbc2c55e7b420facae74c4aaf9a9815eee1087cb1853c42
  unicode-emoji (4.2.0) sha256=519e69150f75652e40bf736106cfbc8f0f73aa3fb6a65afe62fefa7f80b0f80f
  uri (1.1.1) sha256=379fa58d27ffb1387eaada68c749d1426738bd0f654d812fcc07e7568f5c57c6

BUNDLED WITH
  4.0.0
